
Microsoft Visual Studio Solution File, Format Version 12.00
# Visual Studio Version 17
VisualStudioVersion = 17.1.32319.34
MinimumVisualStudioVersion = 10.0.40219.1
Project("{FAE04EC0-301F-11D3-BF4B-00C04F79EFBC}") = "DatingApp", "DatingApp\DatingApp.csproj", "{6A2A8E6A-EF23-4879-827A-569654CBAF9D}"
EndProject
Global
	GlobalSection(SolutionConfigurationPlatforms) = preSolution
		Debug|Any CPU = Debug|Any CPU
		Release|Any CPU = Release|Any CPU
	EndGlobalSection
	GlobalSection(ProjectConfigurationPlatforms) = postSolution
		{6A2A8E6A-EF23-4879-827A-569654CBAF9D}.Debug|Any CPU.ActiveCfg = Debug|Any CPU
		{6A2A8E6A-EF23-4879-827A-569654CBAF9D}.Debug|Any CPU.Build.0 = Debug|Any CPU
		{6A2A8E6A-EF23-4879-827A-569654CBAF9D}.Release|Any CPU.ActiveCfg = Release|Any CPU
		{6A2A8E6A-EF23-4879-827A-569654CBAF9D}.Release|Any CPU.Build.0 = Release|Any CPU
	EndGlobalSection
	GlobalSection(SolutionProperties) = preSolution
		HideSolutionNode = FALSE
	EndGlobalSection
	GlobalSection(ExtensibilityGlobals) = postSolution
		SolutionGuid = {8814B8F7-C171-492B-B081-4C53F426C678}
	EndGlobalSection
EndGlobal
